<?xml version="1.0" encoding="utf-8"?>
<Project ToolsVersion="4.0" xmlns="http://schemas.microsoft.com/developer/msbuild/2003">
  <ItemGroup>
    <Filter Include="源文件">
      <UniqueIdentifier>{4FC737F1-C7A5-4376-A066-2A32D752A2FF}</UniqueIdentifier>
      <Extensions>cpp;c;cc;cxx;def;odl;idl;hpj;bat;asm;asmx</Extensions>
    </Filter>
    <Filter Include="头文件">
      <UniqueIdentifier>{93995380-89BD-4b04-88EB-625FBE52EBFB}</UniqueIdentifier>
      <Extensions>h;hh;hpp;hxx;hm;inl;inc;ipp;xsd</Extensions>
    </Filter>
    <Filter Include="资源文件">
      <UniqueIdentifier>{67DA6AB6-F800-4c08-8B7A-83BB121AAD01}</UniqueIdentifier>
      <Extensions>rc;ico;cur;bmp;dlg;rc2;rct;bin;rgs;gif;jpg;jpeg;jpe;resx;tiff;tif;png;wav;mfcribbon-ms</Extensions>
    </Filter>
    <Filter Include="Client">
      <UniqueIdentifier>{8c8890e7-1a04-4bcf-a097-6f247a8f461f}</UniqueIdentifier>
    </Filter>
    <Filter Include="Client\USER">
      <UniqueIdentifier>{f6042e2b-81c8-4034-83ab-befc3575a290}</UniqueIdentifier>
    </Filter>
    <Filter Include="Mysql">
      <UniqueIdentifier>{f4082cec-823b-44e6-a665-d6700af045ae}</UniqueIdentifier>
    </Filter>
    <Filter Include="NC">
      <UniqueIdentifier>{259471dc-a2cf-4138-b282-673c47e166f6}</UniqueIdentifier>
    </Filter>
    <Filter Include="API">
      <UniqueIdentifier>{59c212a6-e482-4b96-bd95-b8d69e92967d}</UniqueIdentifier>
    </Filter>
    <Filter Include="Client\SIM">
      <UniqueIdentifier>{e27467e6-0fda-4c59-bd50-b47799abe71c}</UniqueIdentifier>
    </Filter>
    <Filter Include="Client\批量导入">
      <UniqueIdentifier>{59a24e51-28a8-4dbe-963c-23ad363cda06}</UniqueIdentifier>
    </Filter>
    <Filter Include="Client\客户">
      <UniqueIdentifier>{c98ac7da-564c-46ec-b63c-725284a5018e}</UniqueIdentifier>
    </Filter>
    <Filter Include="Client\客户经理">
      <UniqueIdentifier>{6ae741d8-7d37-40b3-9132-9c8edd3e9233}</UniqueIdentifier>
    </Filter>
    <Filter Include="Client\电信账号">
      <UniqueIdentifier>{e0763831-986b-48f2-9b3f-6e8b39cbfc40}</UniqueIdentifier>
    </Filter>
    <Filter Include="Client\所属地区">
      <UniqueIdentifier>{5341504e-22a2-454c-b592-f8522da3c333}</UniqueIdentifier>
    </Filter>
    <Filter Include="Client\流量套餐">
      <UniqueIdentifier>{34f28d55-1822-47a5-981a-fa93cc0b8e53}</UniqueIdentifier>
    </Filter>
    <Filter Include="Client\流量池">
      <UniqueIdentifier>{87233ce4-1abe-487e-b704-b0959071f4a1}</UniqueIdentifier>
    </Filter>
    <Filter Include="API\停复机">
      <UniqueIdentifier>{9046faee-fe5d-4fc1-9a6b-315868c42c72}</UniqueIdentifier>
    </Filter>
    <Filter Include="Client\心跳">
      <UniqueIdentifier>{89a8abc2-d44d-44fc-94b4-3f12822e3084}</UniqueIdentifier>
    </Filter>
    <Filter Include="API\状态查询">
      <UniqueIdentifier>{11262e5e-3b48-4b98-a430-53158712e7fb}</UniqueIdentifier>
    </Filter>
  </ItemGroup>
  <ItemGroup>
    <ClInclude Include="stdafx.h">
      <Filter>头文件</Filter>
    </ClInclude>
    <ClInclude Include="targetver.h">
      <Filter>头文件</Filter>
    </ClInclude>
    <ClInclude Include="client_signaldata.h">
      <Filter>Client</Filter>
    </ClInclude>
    <ClInclude Include="client_mem.h">
      <Filter>Client</Filter>
    </ClInclude>
    <ClInclude Include="init.h">
      <Filter>头文件</Filter>
    </ClInclude>
    <ClInclude Include="global_data.h">
      <Filter>头文件</Filter>
    </ClInclude>
    <ClInclude Include="client_requestpost.h">
      <Filter>Client</Filter>
    </ClInclude>
    <ClInclude Include="client_postcompletion.h">
      <Filter>Client</Filter>
    </ClInclude>
    <ClInclude Include="client_cmd.h">
      <Filter>Client</Filter>
    </ClInclude>
    <ClInclude Include="client_thread.h">
      <Filter>Client</Filter>
    </ClInclude>
    <ClInclude Include="cmd_user.h">
      <Filter>Client\USER</Filter>
    </ClInclude>
    <ClInclude Include="cm_mysql.h">
      <Filter>Mysql</Filter>
    </ClInclude>
    <ClInclude Include="nc_postcompletion.h">
      <Filter>NC</Filter>
    </ClInclude>
    <ClInclude Include="nc_requestpost.h">
      <Filter>NC</Filter>
    </ClInclude>
    <ClInclude Include="api_postcompletion.h">
      <Filter>API</Filter>
    </ClInclude>
    <ClInclude Include="api_requestpost.h">
      <Filter>API</Filter>
    </ClInclude>
    <ClInclude Include="cmd_sim.h">
      <Filter>Client\SIM</Filter>
    </ClInclude>
    <ClInclude Include="cmd_load.h">
      <Filter>Client\批量导入</Filter>
    </ClInclude>
    <ClInclude Include="cmd_error.h">
      <Filter>Client</Filter>
    </ClInclude>
    <ClInclude Include="cmd_kh.h">
      <Filter>Client\客户</Filter>
    </ClInclude>
    <ClInclude Include="cmd_khjl.h">
      <Filter>Client\客户经理</Filter>
    </ClInclude>
    <ClInclude Include="cmd_dxzh.h">
      <Filter>Client\电信账号</Filter>
    </ClInclude>
    <ClInclude Include="cmd_data.h">
      <Filter>Client</Filter>
    </ClInclude>
    <ClInclude Include="cmd_ssdq.h">
      <Filter>Client\所属地区</Filter>
    </ClInclude>
    <ClInclude Include="cmd_lltc.h">
      <Filter>Client\流量套餐</Filter>
    </ClInclude>
    <ClInclude Include="cmd_llc.h">
      <Filter>Client\流量池</Filter>
    </ClInclude>
    <ClInclude Include="cmd_disnumber.h">
      <Filter>API\停复机</Filter>
    </ClInclude>
    <ClInclude Include="cmd_beat.h">
      <Filter>Client\心跳</Filter>
    </ClInclude>
    <ClInclude Include="cJSON.h">
      <Filter>头文件</Filter>
    </ClInclude>
    <ClInclude Include="tinyxml2.h">
      <Filter>头文件</Filter>
    </ClInclude>
    <ClInclude Include="cmd_state.h">
      <Filter>API\状态查询</Filter>
    </ClInclude>
  </ItemGroup>
  <ItemGroup>
    <ClCompile Include="stdafx.cpp">
      <Filter>源文件</Filter>
    </ClCompile>
    <ClCompile Include="CMServer.cpp">
      <Filter>源文件</Filter>
    </ClCompile>
    <ClCompile Include="client_signaldata.cpp">
      <Filter>Client</Filter>
    </ClCompile>
    <ClCompile Include="client_mem.cpp">
      <Filter>Client</Filter>
    </ClCompile>
    <ClCompile Include="init.cpp">
      <Filter>源文件</Filter>
    </ClCompile>
    <ClCompile Include="global_data.cpp">
      <Filter>源文件</Filter>
    </ClCompile>
    <ClCompile Include="client_requestpost.cpp">
      <Filter>Client</Filter>
    </ClCompile>
    <ClCompile Include="client_postcompletion.cpp">
      <Filter>Client</Filter>
    </ClCompile>
    <ClCompile Include="client_cmd.cpp">
      <Filter>Client</Filter>
    </ClCompile>
    <ClCompile Include="client_thread.cpp">
      <Filter>Client</Filter>
    </ClCompile>
    <ClCompile Include="cmd_user.cpp">
      <Filter>Client\USER</Filter>
    </ClCompile>
    <ClCompile Include="cm_mysql.cpp">
      <Filter>Mysql</Filter>
    </ClCompile>
    <ClCompile Include="nc_postcompletion.cpp">
      <Filter>NC</Filter>
    </ClCompile>
    <ClCompile Include="nc_requestpost.cpp">
      <Filter>NC</Filter>
    </ClCompile>
    <ClCompile Include="api_postcompletion.cpp">
      <Filter>API</Filter>
    </ClCompile>
    <ClCompile Include="api_requestpost.cpp">
      <Filter>API</Filter>
    </ClCompile>
    <ClCompile Include="cmd_sim.cpp">
      <Filter>Client\SIM</Filter>
    </ClCompile>
    <ClCompile Include="cmd_load.cpp">
      <Filter>Client\批量导入</Filter>
    </ClCompile>
    <ClCompile Include="cmd_error.cpp">
      <Filter>Client</Filter>
    </ClCompile>
    <ClCompile Include="cmd_kh.cpp">
      <Filter>Client\客户</Filter>
    </ClCompile>
    <ClCompile Include="cmd_khjl.cpp">
      <Filter>Client\客户经理</Filter>
    </ClCompile>
    <ClCompile Include="cmd_dxzh.cpp">
      <Filter>Client\电信账号</Filter>
    </ClCompile>
    <ClCompile Include="cmd_data.cpp">
      <Filter>Client</Filter>
    </ClCompile>
    <ClCompile Include="cmd_ssdq.cpp">
      <Filter>Client\所属地区</Filter>
    </ClCompile>
    <ClCompile Include="cmd_lltc.cpp">
      <Filter>Client\流量套餐</Filter>
    </ClCompile>
    <ClCompile Include="cmd_llc.cpp">
      <Filter>Client\流量池</Filter>
    </ClCompile>
    <ClCompile Include="cmd_disnumber.cpp">
      <Filter>API\停复机</Filter>
    </ClCompile>
    <ClCompile Include="cmd_beat.cpp">
      <Filter>Client\心跳</Filter>
    </ClCompile>
    <ClCompile Include="cjson.c">
      <Filter>源文件</Filter>
    </ClCompile>
    <ClCompile Include="tinyxml2.cpp">
      <Filter>源文件</Filter>
    </ClCompile>
    <ClCompile Include="cmd_state..cpp">
      <Filter>API\状态查询</Filter>
    </ClCompile>
  </ItemGroup>
</Project>