<?xml version="1.0" encoding="utf-8"?>
<Project ToolsVersion="4.0" xmlns="http://schemas.microsoft.com/developer/msbuild/2003">
  <ItemGroup>
    <Filter Include="源文件">
      <UniqueIdentifier>{4FC737F1-C7A5-4376-A066-2A32D752A2FF}</UniqueIdentifier>
      <Extensions>cpp;c;cc;cxx;def;odl;idl;hpj;bat;asm;asmx</Extensions>
    </Filter>
    <Filter Include="头文件">
      <UniqueIdentifier>{93995380-89BD-4b04-88EB-625FBE52EBFB}</UniqueIdentifier>
      <Extensions>h;hh;hpp;hxx;hm;inl;inc;ipp;xsd</Extensions>
    </Filter>
    <Filter Include="资源文件">
      <UniqueIdentifier>{67DA6AB6-F800-4c08-8B7A-83BB121AAD01}</UniqueIdentifier>
      <Extensions>rc;ico;cur;bmp;dlg;rc2;rct;bin;rgs;gif;jpg;jpeg;jpe;resx;tiff;tif;png;wav;mfcribbon-ms</Extensions>
    </Filter>
    <Filter Include="Client">
      <UniqueIdentifier>{8c8890e7-1a04-4bcf-a097-6f247a8f461f}</UniqueIdentifier>
    </Filter>
    <Filter Include="Client\USER">
      <UniqueIdentifier>{f6042e2b-81c8-4034-83ab-befc3575a290}</UniqueIdentifier>
    </Filter>
    <Filter Include="Mysql">
      <UniqueIdentifier>{f4082cec-823b-44e6-a665-d6700af045ae}</UniqueIdentifier>
    </Filter>
    <Filter Include="API">
      <UniqueIdentifier>{259471dc-a2cf-4138-b282-673c47e166f6}</UniqueIdentifier>
    </Filter>
  </ItemGroup>
  <ItemGroup>
    <ClInclude Include="stdafx.h">
      <Filter>头文件</Filter>
    </ClInclude>
    <ClInclude Include="targetver.h">
      <Filter>头文件</Filter>
    </ClInclude>
    <ClInclude Include="client_signaldata.h">
      <Filter>Client</Filter>
    </ClInclude>
    <ClInclude Include="client_mem.h">
      <Filter>Client</Filter>
    </ClInclude>
    <ClInclude Include="init.h">
      <Filter>头文件</Filter>
    </ClInclude>
    <ClInclude Include="global_data.h">
      <Filter>头文件</Filter>
    </ClInclude>
    <ClInclude Include="client_requestpost.h">
      <Filter>Client</Filter>
    </ClInclude>
    <ClInclude Include="client_postcompletion.h">
      <Filter>Client</Filter>
    </ClInclude>
    <ClInclude Include="client_cmd.h">
      <Filter>Client</Filter>
    </ClInclude>
    <ClInclude Include="client_thread.h">
      <Filter>Client</Filter>
    </ClInclude>
    <ClInclude Include="cmd_user.h">
      <Filter>Client\USER</Filter>
    </ClInclude>
    <ClInclude Include="cm_mysql.h">
      <Filter>Mysql</Filter>
    </ClInclude>
    <ClInclude Include="api_requestpost.h">
      <Filter>API</Filter>
    </ClInclude>
  </ItemGroup>
  <ItemGroup>
    <ClCompile Include="stdafx.cpp">
      <Filter>源文件</Filter>
    </ClCompile>
    <ClCompile Include="CMServer.cpp">
      <Filter>源文件</Filter>
    </ClCompile>
    <ClCompile Include="client_signaldata.cpp">
      <Filter>Client</Filter>
    </ClCompile>
    <ClCompile Include="client_mem.cpp">
      <Filter>Client</Filter>
    </ClCompile>
    <ClCompile Include="init.cpp">
      <Filter>源文件</Filter>
    </ClCompile>
    <ClCompile Include="global_data.cpp">
      <Filter>源文件</Filter>
    </ClCompile>
    <ClCompile Include="client_requestpost.cpp">
      <Filter>Client</Filter>
    </ClCompile>
    <ClCompile Include="client_postcompletion.cpp">
      <Filter>Client</Filter>
    </ClCompile>
    <ClCompile Include="client_cmd.cpp">
      <Filter>Client</Filter>
    </ClCompile>
    <ClCompile Include="client_thread.cpp">
      <Filter>Client</Filter>
    </ClCompile>
    <ClCompile Include="cmd_user.cpp">
      <Filter>Client\USER</Filter>
    </ClCompile>
    <ClCompile Include="cm_mysql.cpp">
      <Filter>Mysql</Filter>
    </ClCompile>
    <ClCompile Include="api_requestpost.cpp">
      <Filter>API</Filter>
    </ClCompile>
  </ItemGroup>
</Project>