
Microsoft Visual Studio Solution File, Format Version 11.00
# Visual Studio 2010
Project("{8BC9CEB8-8B4A-11D0-8D11-00A0C91BC942}") = "SimCard", "SimCard\SimCard.vcxproj", "{AF0C3C12-B6E0-4FD9-AA1D-14B2F91F1966}"
	ProjectSection(ProjectDependencies) = postProject
		{E106ACD7-4E53-4AEE-942B-D0DD426DB34E} = {E106ACD7-4E53-4AEE-942B-D0DD426DB34E}
	EndProjectSection
EndProject
Project("{8BC9CEB8-8B4A-11D0-8D11-00A0C91BC942}") = "DuiLib", "DuiLib\DuiLib.vcxproj", "{E106ACD7-4E53-4AEE-942B-D0DD426DB34E}"
EndProject
Project("{8BC9CEB8-8B4A-11D0-8D11-00A0C91BC942}") = "ReadExcel", "ReadExcel\ReadExcel.vcxproj", "{9B742616-CEE1-45E6-A62B-A01FCD2C5F0F}"
EndProject
Project("{8BC9CEB8-8B4A-11D0-8D11-00A0C91BC942}") = "Feiyong", "Feiyong\Feiyong.vcxproj", "{05D3630F-EB91-49B0-9FE0-32911A02930F}"
EndProject
Project("{8BC9CEB8-8B4A-11D0-8D11-00A0C91BC942}") = "WriteExcel", "WriteExcel\WriteExcel.vcxproj", "{4FA5F599-C341-417C-B953-D653F6F90EAE}"
EndProject
Global
	GlobalSection(SolutionConfigurationPlatforms) = preSolution
		Debug|Win32 = Debug|Win32
		Debug|x64 = Debug|x64
		Release|Win32 = Release|Win32
		Release|x64 = Release|x64
		UnicodeDebug|Win32 = UnicodeDebug|Win32
		UnicodeDebug|x64 = UnicodeDebug|x64
		UnicodeRelease|Win32 = UnicodeRelease|Win32
		UnicodeRelease|x64 = UnicodeRelease|x64
	EndGlobalSection
	GlobalSection(ProjectConfigurationPlatforms) = postSolution
		{AF0C3C12-B6E0-4FD9-AA1D-14B2F91F1966}.Debug|Win32.ActiveCfg = Debug|Win32
		{AF0C3C12-B6E0-4FD9-AA1D-14B2F91F1966}.Debug|Win32.Build.0 = Debug|Win32
		{AF0C3C12-B6E0-4FD9-AA1D-14B2F91F1966}.Debug|x64.ActiveCfg = Debug|Win32
		{AF0C3C12-B6E0-4FD9-AA1D-14B2F91F1966}.Release|Win32.ActiveCfg = Release|Win32
		{AF0C3C12-B6E0-4FD9-AA1D-14B2F91F1966}.Release|Win32.Build.0 = Release|Win32
		{AF0C3C12-B6E0-4FD9-AA1D-14B2F91F1966}.Release|x64.ActiveCfg = Release|Win32
		{AF0C3C12-B6E0-4FD9-AA1D-14B2F91F1966}.UnicodeDebug|Win32.ActiveCfg = Debug|Win32
		{AF0C3C12-B6E0-4FD9-AA1D-14B2F91F1966}.UnicodeDebug|Win32.Build.0 = Debug|Win32
		{AF0C3C12-B6E0-4FD9-AA1D-14B2F91F1966}.UnicodeDebug|x64.ActiveCfg = Debug|Win32
		{AF0C3C12-B6E0-4FD9-AA1D-14B2F91F1966}.UnicodeRelease|Win32.ActiveCfg = Release|Win32
		{AF0C3C12-B6E0-4FD9-AA1D-14B2F91F1966}.UnicodeRelease|Win32.Build.0 = Release|Win32
		{AF0C3C12-B6E0-4FD9-AA1D-14B2F91F1966}.UnicodeRelease|x64.ActiveCfg = Release|Win32
		{E106ACD7-4E53-4AEE-942B-D0DD426DB34E}.Debug|Win32.ActiveCfg = Debug|Win32
		{E106ACD7-4E53-4AEE-942B-D0DD426DB34E}.Debug|Win32.Build.0 = Debug|Win32
		{E106ACD7-4E53-4AEE-942B-D0DD426DB34E}.Debug|x64.ActiveCfg = Debug|Win32
		{E106ACD7-4E53-4AEE-942B-D0DD426DB34E}.Release|Win32.ActiveCfg = Release|Win32
		{E106ACD7-4E53-4AEE-942B-D0DD426DB34E}.Release|Win32.Build.0 = Release|Win32
		{E106ACD7-4E53-4AEE-942B-D0DD426DB34E}.Release|x64.ActiveCfg = Release|Win32
		{E106ACD7-4E53-4AEE-942B-D0DD426DB34E}.UnicodeDebug|Win32.ActiveCfg = UnicodeDebug|Win32
		{E106ACD7-4E53-4AEE-942B-D0DD426DB34E}.UnicodeDebug|Win32.Build.0 = UnicodeDebug|Win32
		{E106ACD7-4E53-4AEE-942B-D0DD426DB34E}.UnicodeDebug|x64.ActiveCfg = UnicodeDebug|Win32
		{E106ACD7-4E53-4AEE-942B-D0DD426DB34E}.UnicodeRelease|Win32.ActiveCfg = UnicodeRelease|Win32
		{E106ACD7-4E53-4AEE-942B-D0DD426DB34E}.UnicodeRelease|Win32.Build.0 = UnicodeRelease|Win32
		{E106ACD7-4E53-4AEE-942B-D0DD426DB34E}.UnicodeRelease|x64.ActiveCfg = UnicodeRelease|Win32
		{9B742616-CEE1-45E6-A62B-A01FCD2C5F0F}.Debug|Win32.ActiveCfg = Debug|Win32
		{9B742616-CEE1-45E6-A62B-A01FCD2C5F0F}.Debug|Win32.Build.0 = Debug|Win32
		{9B742616-CEE1-45E6-A62B-A01FCD2C5F0F}.Debug|x64.ActiveCfg = Debug|Win32
		{9B742616-CEE1-45E6-A62B-A01FCD2C5F0F}.Release|Win32.ActiveCfg = Release|Win32
		{9B742616-CEE1-45E6-A62B-A01FCD2C5F0F}.Release|Win32.Build.0 = Release|Win32
		{9B742616-CEE1-45E6-A62B-A01FCD2C5F0F}.Release|x64.ActiveCfg = Release|Win32
		{9B742616-CEE1-45E6-A62B-A01FCD2C5F0F}.UnicodeDebug|Win32.ActiveCfg = Debug|Win32
		{9B742616-CEE1-45E6-A62B-A01FCD2C5F0F}.UnicodeDebug|Win32.Build.0 = Debug|Win32
		{9B742616-CEE1-45E6-A62B-A01FCD2C5F0F}.UnicodeDebug|x64.ActiveCfg = Debug|Win32
		{9B742616-CEE1-45E6-A62B-A01FCD2C5F0F}.UnicodeRelease|Win32.ActiveCfg = Release|Win32
		{9B742616-CEE1-45E6-A62B-A01FCD2C5F0F}.UnicodeRelease|Win32.Build.0 = Release|Win32
		{9B742616-CEE1-45E6-A62B-A01FCD2C5F0F}.UnicodeRelease|x64.ActiveCfg = Release|Win32
		{05D3630F-EB91-49B0-9FE0-32911A02930F}.Debug|Win32.ActiveCfg = Debug|Win32
		{05D3630F-EB91-49B0-9FE0-32911A02930F}.Debug|Win32.Build.0 = Debug|Win32
		{05D3630F-EB91-49B0-9FE0-32911A02930F}.Debug|x64.ActiveCfg = Debug|x64
		{05D3630F-EB91-49B0-9FE0-32911A02930F}.Debug|x64.Build.0 = Debug|x64
		{05D3630F-EB91-49B0-9FE0-32911A02930F}.Release|Win32.ActiveCfg = Release|Win32
		{05D3630F-EB91-49B0-9FE0-32911A02930F}.Release|Win32.Build.0 = Release|Win32
		{05D3630F-EB91-49B0-9FE0-32911A02930F}.Release|x64.ActiveCfg = Release|Win32
		{05D3630F-EB91-49B0-9FE0-32911A02930F}.UnicodeDebug|Win32.ActiveCfg = Debug|Win32
		{05D3630F-EB91-49B0-9FE0-32911A02930F}.UnicodeDebug|Win32.Build.0 = Debug|Win32
		{05D3630F-EB91-49B0-9FE0-32911A02930F}.UnicodeDebug|x64.ActiveCfg = Debug|x64
		{05D3630F-EB91-49B0-9FE0-32911A02930F}.UnicodeDebug|x64.Build.0 = Debug|x64
		{05D3630F-EB91-49B0-9FE0-32911A02930F}.UnicodeRelease|Win32.ActiveCfg = Release|Win32
		{05D3630F-EB91-49B0-9FE0-32911A02930F}.UnicodeRelease|Win32.Build.0 = Release|Win32
		{05D3630F-EB91-49B0-9FE0-32911A02930F}.UnicodeRelease|x64.ActiveCfg = Release|x64
		{05D3630F-EB91-49B0-9FE0-32911A02930F}.UnicodeRelease|x64.Build.0 = Release|x64
		{4FA5F599-C341-417C-B953-D653F6F90EAE}.Debug|Win32.ActiveCfg = Debug|Win32
		{4FA5F599-C341-417C-B953-D653F6F90EAE}.Debug|Win32.Build.0 = Debug|Win32
		{4FA5F599-C341-417C-B953-D653F6F90EAE}.Debug|x64.ActiveCfg = Debug|Win32
		{4FA5F599-C341-417C-B953-D653F6F90EAE}.Release|Win32.ActiveCfg = Release|Win32
		{4FA5F599-C341-417C-B953-D653F6F90EAE}.Release|Win32.Build.0 = Release|Win32
		{4FA5F599-C341-417C-B953-D653F6F90EAE}.Release|x64.ActiveCfg = Release|Win32
		{4FA5F599-C341-417C-B953-D653F6F90EAE}.UnicodeDebug|Win32.ActiveCfg = Debug|Win32
		{4FA5F599-C341-417C-B953-D653F6F90EAE}.UnicodeDebug|Win32.Build.0 = Debug|Win32
		{4FA5F599-C341-417C-B953-D653F6F90EAE}.UnicodeDebug|x64.ActiveCfg = Debug|Win32
		{4FA5F599-C341-417C-B953-D653F6F90EAE}.UnicodeRelease|Win32.ActiveCfg = Release|Win32
		{4FA5F599-C341-417C-B953-D653F6F90EAE}.UnicodeRelease|Win32.Build.0 = Release|Win32
		{4FA5F599-C341-417C-B953-D653F6F90EAE}.UnicodeRelease|x64.ActiveCfg = Release|Win32
	EndGlobalSection
	GlobalSection(SolutionProperties) = preSolution
		HideSolutionNode = FALSE
	EndGlobalSection
EndGlobal
